
Microsoft Visual Studio Solution File, Format Version 12.00
# Visual Studio Version 17
VisualStudioVersion = 17.0.31903.59
MinimumVisualStudioVersion = 10.0.40219.1
Project("{FAE04EC0-301F-11D3-BF4B-00C04F79EFBC}") = "BuberBreakfast", "BuberBreakfast\BuberBreakfast.csproj", "{4C840E39-F328-4F2C-AE4D-5C8F516A37EB}"
EndProject
Project("{FAE04EC0-301F-11D3-BF4B-00C04F79EFBC}") = "BuberBreakfast.Contracts", "BuberBreakfast.Contracts\BuberBreakfast.Contracts.csproj", "{A54E10AD-B659-4848-8B12-820948E2F0B0}"
EndProject
Global
	GlobalSection(SolutionConfigurationPlatforms) = preSolution
		Debug|Any CPU = Debug|Any CPU
		Release|Any CPU = Release|Any CPU
	EndGlobalSection
	GlobalSection(SolutionProperties) = preSolution
		HideSolutionNode = FALSE
	EndGlobalSection
	GlobalSection(ProjectConfigurationPlatforms) = postSolution
		{4C840E39-F328-4F2C-AE4D-5C8F516A37EB}.Debug|Any CPU.ActiveCfg = Debug|Any CPU
		{4C840E39-F328-4F2C-AE4D-5C8F516A37EB}.Debug|Any CPU.Build.0 = Debug|Any CPU
		{4C840E39-F328-4F2C-AE4D-5C8F516A37EB}.Release|Any CPU.ActiveCfg = Release|Any CPU
		{4C840E39-F328-4F2C-AE4D-5C8F516A37EB}.Release|Any CPU.Build.0 = Release|Any CPU
		{A54E10AD-B659-4848-8B12-820948E2F0B0}.Debug|Any CPU.ActiveCfg = Debug|Any CPU
		{A54E10AD-B659-4848-8B12-820948E2F0B0}.Debug|Any CPU.Build.0 = Debug|Any CPU
		{A54E10AD-B659-4848-8B12-820948E2F0B0}.Release|Any CPU.ActiveCfg = Release|Any CPU
		{A54E10AD-B659-4848-8B12-820948E2F0B0}.Release|Any CPU.Build.0 = Release|Any CPU
	EndGlobalSection
EndGlobal
